
Microsoft Visual Studio Solution File, Format Version 12.00
# Visual Studio 15
VisualStudioVersion = 15.0.27130.2036
MinimumVisualStudioVersion = 10.0.40219.1
Project("{FAE04EC0-301F-11D3-BF4B-00C04F79EFBC}") = "WebData", "WebData\WebData.csproj", "{249EB95F-0AFE-4C22-ABD5-76C0EE744067}"
EndProject
Project("{9A19103F-16F7-4668-BE54-9A1E7A4F7556}") = "WebService", "WebService\WebService.csproj", "{C68F21C6-B4D0-4547-8BE9-BA3825066196}"
EndProject
Project("{E24C65DC-7377-472B-9ABA-BC803B73C61A}") = "WebApp", "WebApp\", "{098D3085-A67E-4452-9439-88822D96BC9C}"
	ProjectSection(WebsiteProperties) = preProject
		TargetFrameworkMoniker = ".NETFramework,Version%3Dv4.6.1"
		Debug.AspNetCompiler.VirtualPath = "/localhost_7813"
		Debug.AspNetCompiler.PhysicalPath = "WebApp\"
		Debug.AspNetCompiler.TargetPath = "PrecompiledWeb\localhost_7813\"
		Debug.AspNetCompiler.Updateable = "true"
		Debug.AspNetCompiler.ForceOverwrite = "true"
		Debug.AspNetCompiler.FixedNames = "false"
		Debug.AspNetCompiler.Debug = "True"
		Release.AspNetCompiler.VirtualPath = "/localhost_7813"
		Release.AspNetCompiler.PhysicalPath = "WebApp\"
		Release.AspNetCompiler.TargetPath = "PrecompiledWeb\localhost_7813\"
		Release.AspNetCompiler.Updateable = "true"
		Release.AspNetCompiler.ForceOverwrite = "true"
		Release.AspNetCompiler.FixedNames = "false"
		Release.AspNetCompiler.Debug = "False"
		VWDPort = "7813"
		SlnRelativePath = "WebApp\"
	EndProjectSection
EndProject
Global
	GlobalSection(SolutionConfigurationPlatforms) = preSolution
		Debug|Any CPU = Debug|Any CPU
		Release|Any CPU = Release|Any CPU
	EndGlobalSection
	GlobalSection(ProjectConfigurationPlatforms) = postSolution
		{249EB95F-0AFE-4C22-ABD5-76C0EE744067}.Debug|Any CPU.ActiveCfg = Debug|Any CPU
		{249EB95F-0AFE-4C22-ABD5-76C0EE744067}.Debug|Any CPU.Build.0 = Debug|Any CPU
		{249EB95F-0AFE-4C22-ABD5-76C0EE744067}.Release|Any CPU.ActiveCfg = Release|Any CPU
		{249EB95F-0AFE-4C22-ABD5-76C0EE744067}.Release|Any CPU.Build.0 = Release|Any CPU
		{C68F21C6-B4D0-4547-8BE9-BA3825066196}.Debug|Any CPU.ActiveCfg = Debug|Any CPU
		{C68F21C6-B4D0-4547-8BE9-BA3825066196}.Debug|Any CPU.Build.0 = Debug|Any CPU
		{C68F21C6-B4D0-4547-8BE9-BA3825066196}.Release|Any CPU.ActiveCfg = Release|Any CPU
		{C68F21C6-B4D0-4547-8BE9-BA3825066196}.Release|Any CPU.Build.0 = Release|Any CPU
		{098D3085-A67E-4452-9439-88822D96BC9C}.Debug|Any CPU.ActiveCfg = Debug|Any CPU
		{098D3085-A67E-4452-9439-88822D96BC9C}.Debug|Any CPU.Build.0 = Debug|Any CPU
		{098D3085-A67E-4452-9439-88822D96BC9C}.Release|Any CPU.ActiveCfg = Debug|Any CPU
		{098D3085-A67E-4452-9439-88822D96BC9C}.Release|Any CPU.Build.0 = Debug|Any CPU
	EndGlobalSection
	GlobalSection(SolutionProperties) = preSolution
		HideSolutionNode = FALSE
	EndGlobalSection
	GlobalSection(ExtensibilityGlobals) = postSolution
		SolutionGuid = {854D7815-10FC-4BCC-AFA9-638165CAE12B}
	EndGlobalSection
EndGlobal
